PODS:
  - Adjust (4.38.4):
    - Adjust/Core (= 4.38.4)
  - Adjust/Core (4.38.4)
  - FBAEMKit (18.0.2):
    - FBSDKCoreKit_Basics (= 18.0.2)
  - FBSDKCoreKit (18.0.2):
    - FBAEMKit (= 18.0.2)
    - FBSDKCoreKit_Basics (= 18.0.2)
  - FBSDKCoreKit_Basics (18.0.2)
  - IQKeyboardManager (6.5.19)
  - SnapKit (5.7.1)
  - SVProgressHUD (2.3.1):
    - SVProgressHUD/Core (= 2.3.1)
  - SVProgressHUD/Core (2.3.1)
  - Toast-Swift (5.1.1)

DEPENDENCIES:
  - Adjust (~> 4.38.4)
  - FBSDKCoreKit
  - IQKeyboardManager
  - SnapKit
  - SVProgressHUD
  - Toast-Swift

SPEC REPOS:
  https://github.com/CocoaPods/Specs.git:
    - Adjust
    - FBAEMKit
    - FBSDKCoreKit
    - FBSDKCoreKit_Basics
    - IQKeyboardManager
    - SnapKit
    - SVProgressHUD
    - Toast-Swift

SPEC CHECKSUMS:
  Adjust: afda46df69f035fd216310fb85f399c40c61830a
  FBAEMKit: 56a4f5a9607957b547b6458b17a98c5bb2736367
  FBSDKCoreKit: 54f1240567e16862ab71c53c33dc347db5c524c5
  FBSDKCoreKit_Basics: eb530cd6a79030dbb11df460aafb2767bcad9028
  IQKeyboardManager: c8665b3396bd0b79402b4c573eac345a31c7d485
  SnapKit: d612e99e678a2d3b95bf60b0705ed0a35c03484a
  SVProgressHUD: 4837c74bdfe2e51e8821c397825996a8d7de6e22
  Toast-Swift: 7a03a532afe3a560d4044bc7c237e2864d295173

PODFILE CHECKSUM: 6634475f0a7c7b593a80e656a14573b7264b9c59

COCOAPODS: 1.16.2
